
Microsoft Visual Studio Solution File, Format Version 12.00
# Visual Studio Version 17
VisualStudioVersion = 17.9.34616.47
MinimumVisualStudioVersion = 10.0.40219.1
Project("{8BC9CEB8-8B4A-11D0-8D11-00A0C91BC942}") = "c-lang01", "c-lang\c-lang.vcxproj", "{A82301C7-A1E0-43A1-8045-24A471978454}"
EndProject
Project("{8BC9CEB8-8B4A-11D0-8D11-00A0C91BC942}") = "c-lang02", "c-lang2\c-lang2.vcxproj", "{5B2101D1-7236-4E59-8A74-9785AC1F14C7}"
EndProject
Project("{8BC9CEB8-8B4A-11D0-8D11-00A0C91BC942}") = "c-lang03", "c-lang3\c-lang3.vcxproj", "{55C9A7A6-6021-42AF-B6E5-64A4AA2C72E3}"
EndProject
Project("{8BC9CEB8-8B4A-11D0-8D11-00A0C91BC942}") = "c-lang04", "c-lang4\c-lang4.vcxproj", "{2B1013F9-9D04-438D-B653-D19AB1E1F4AE}"
EndProject
Project("{8BC9CEB8-8B4A-11D0-8D11-00A0C91BC942}") = "c-lang05", "c-lang5\c-lang5.vcxproj", "{3FF74BA1-C0EA-402C-B95C-6C3D3C2A4AF5}"
EndProject
Project("{8BC9CEB8-8B4A-11D0-8D11-00A0C91BC942}") = "c-lang06", "c-lang6\c-lang6.vcxproj", "{AB78158D-FFCC-48A2-92A8-CE3E537281BE}"
EndProject
Project("{8BC9CEB8-8B4A-11D0-8D11-00A0C91BC942}") = "c-lang07", "c-lang7\c-lang7.vcxproj", "{A6B13735-4F3B-4574-B3E9-857DCC369ABC}"
EndProject
Project("{8BC9CEB8-8B4A-11D0-8D11-00A0C91BC942}") = "c-lang08", "c-lang8\c-lang8.vcxproj", "{F900C73E-5AF7-4BC1-8165-0C2DDC84186B}"
EndProject
Project("{8BC9CEB8-8B4A-11D0-8D11-00A0C91BC942}") = "c-lang09", "c-lang9\c-lang9.vcxproj", "{F00ABE63-1014-4EDC-A6A0-02E092E28619}"
EndProject
Project("{8BC9CEB8-8B4A-11D0-8D11-00A0C91BC942}") = "c-lang10", "c-lang10\c-lang10.vcxproj", "{58E1962C-7133-44F9-97BB-06D21ADB9841}"
EndProject
Project("{8BC9CEB8-8B4A-11D0-8D11-00A0C91BC942}") = "c-lang11", "c-lang11\c-lang11.vcxproj", "{EBB8CCE7-ADD5-4AF8-BF74-73908835F3B1}"
EndProject
Project("{8BC9CEB8-8B4A-11D0-8D11-00A0C91BC942}") = "c-lang12", "c-lang12\c-lang12.vcxproj", "{DCCE4F32-7A66-4AC8-AD0E-14B88C951F57}"
EndProject
Project("{8BC9CEB8-8B4A-11D0-8D11-00A0C91BC942}") = "c-lang13", "c-lang13\c-lang13.vcxproj", "{653BFBB1-46C9-46C5-A235-30546778A18C}"
EndProject
Project("{8BC9CEB8-8B4A-11D0-8D11-00A0C91BC942}") = "c-lang14", "c-lang14\c-lang14.vcxproj", "{012BCF62-407B-4D74-B407-9E831B2A096D}"
EndProject
Project("{8BC9CEB8-8B4A-11D0-8D11-00A0C91BC942}") = "c-lang15", "c-lang15\c-lang15.vcxproj", "{1B467C1C-8FB4-4420-93C7-507A8BA018E4}"
EndProject
Project("{8BC9CEB8-8B4A-11D0-8D11-00A0C91BC942}") = "c-lang16", "c-lang16\c-lang16.vcxproj", "{9316D945-7B72-4D3D-80CF-56C76BA56DE2}"
EndProject
Project("{8BC9CEB8-8B4A-11D0-8D11-00A0C91BC942}") = "c-lang17", "c-lang17\c-lang17.vcxproj", "{92836F8E-ED3F-46F5-BE96-FE04EA3DEC2A}"
EndProject
Project("{8BC9CEB8-8B4A-11D0-8D11-00A0C91BC942}") = "c-lang18", "c-lang18\c-lang18.vcxproj", "{13545525-5167-43EE-B06C-A60D8B0E1FE8}"
EndProject
Project("{8BC9CEB8-8B4A-11D0-8D11-00A0C91BC942}") = "c-lang19", "c-lang19\c-lang19.vcxproj", "{C817529B-89B6-40C5-98EE-8FC865A2304E}"
EndProject
Project("{8BC9CEB8-8B4A-11D0-8D11-00A0C91BC942}") = "c-lang20", "c-lang20\c-lang20.vcxproj", "{6F186036-0633-41C2-842D-7AEBAE917DB2}"
EndProject
Project("{8BC9CEB8-8B4A-11D0-8D11-00A0C91BC942}") = "c-lang21", "c-lang21\c-lang21.vcxproj", "{41D05114-210F-487B-B740-AA0CA1ADB3B9}"
EndProject
Project("{8BC9CEB8-8B4A-11D0-8D11-00A0C91BC942}") = "c-lang22", "c-lang22\c-lang22.vcxproj", "{8E792FB7-589F-4A1D-A249-EBF9588F080C}"
EndProject
Project("{8BC9CEB8-8B4A-11D0-8D11-00A0C91BC942}") = "c-lang23", "c-lang23\c-lang23.vcxproj", "{F7E18D7D-6ED4-40CC-BEF4-2696E4B4D979}"
EndProject
Project("{8BC9CEB8-8B4A-11D0-8D11-00A0C91BC942}") = "c-lang24", "c-lang24\c-lang24.vcxproj", "{C647C40F-50E9-47F9-8C58-573825EDD944}"
EndProject
Project("{8BC9CEB8-8B4A-11D0-8D11-00A0C91BC942}") = "c-lang25", "c-lang25\c-lang25.vcxproj", "{8822DB75-A3D6-4F04-88AD-972ECA4C3B57}"
EndProject
Project("{8BC9CEB8-8B4A-11D0-8D11-00A0C91BC942}") = "c-lang26", "c-lang26\c-lang26.vcxproj", "{37A8DBCF-5E79-44AE-A5D8-EDCA3ECA403F}"
EndProject
Project("{8BC9CEB8-8B4A-11D0-8D11-00A0C91BC942}") = "c-lang27", "c-lang27\c-lang27.vcxproj", "{C740A79B-137C-4C89-BDF1-D923F1389AAD}"
EndProject
Project("{8BC9CEB8-8B4A-11D0-8D11-00A0C91BC942}") = "c-lang28", "c-lang28\c-lang28.vcxproj", "{515A0E4D-590A-4CD6-BAE1-AE7F1A31B85D}"
EndProject
Project("{8BC9CEB8-8B4A-11D0-8D11-00A0C91BC942}") = "c-lang_ex01", "c-lang_ex01\c-lang_ex01.vcxproj", "{F9F8D833-2661-449F-971C-B580661B7C35}"
EndProject
Project("{8BC9CEB8-8B4A-11D0-8D11-00A0C91BC942}") = "c-lang_ex02", "c-lang_ex02\c-lang_ex02.vcxproj", "{5A927EAB-EFFE-4ECC-9178-563699CF6B6F}"
EndProject
Project("{8BC9CEB8-8B4A-11D0-8D11-00A0C91BC942}") = "c-lang_ex03", "c-lang_ex03\c-lang_ex03.vcxproj", "{B086CA5F-7412-4D48-9075-3531E94353E7}"
EndProject
Project("{8BC9CEB8-8B4A-11D0-8D11-00A0C91BC942}") = "c-lang_ex04", "c-lang_ex04\c-lang_ex04.vcxproj", "{8E123B65-D22C-43EE-B431-2C5C7ADB8AB7}"
EndProject
Global
	GlobalSection(SolutionConfigurationPlatforms) = preSolution
		Debug|x64 = Debug|x64
		Debug|x86 = Debug|x86
		Release|x64 = Release|x64
		Release|x86 = Release|x86
	EndGlobalSection
	GlobalSection(ProjectConfigurationPlatforms) = postSolution
		{A82301C7-A1E0-43A1-8045-24A471978454}.Debug|x64.ActiveCfg = Debug|x64
		{A82301C7-A1E0-43A1-8045-24A471978454}.Debug|x64.Build.0 = Debug|x64
		{A82301C7-A1E0-43A1-8045-24A471978454}.Debug|x86.ActiveCfg = Debug|Win32
		{A82301C7-A1E0-43A1-8045-24A471978454}.Debug|x86.Build.0 = Debug|Win32
		{A82301C7-A1E0-43A1-8045-24A471978454}.Release|x64.ActiveCfg = Release|x64
		{A82301C7-A1E0-43A1-8045-24A471978454}.Release|x64.Build.0 = Release|x64
		{A82301C7-A1E0-43A1-8045-24A471978454}.Release|x86.ActiveCfg = Release|Win32
		{A82301C7-A1E0-43A1-8045-24A471978454}.Release|x86.Build.0 = Release|Win32
		{5B2101D1-7236-4E59-8A74-9785AC1F14C7}.Debug|x64.ActiveCfg = Debug|x64
		{5B2101D1-7236-4E59-8A74-9785AC1F14C7}.Debug|x64.Build.0 = Debug|x64
		{5B2101D1-7236-4E59-8A74-9785AC1F14C7}.Debug|x86.ActiveCfg = Debug|Win32
		{5B2101D1-7236-4E59-8A74-9785AC1F14C7}.Debug|x86.Build.0 = Debug|Win32
		{5B2101D1-7236-4E59-8A74-9785AC1F14C7}.Release|x64.ActiveCfg = Release|x64
		{5B2101D1-7236-4E59-8A74-9785AC1F14C7}.Release|x64.Build.0 = Release|x64
		{5B2101D1-7236-4E59-8A74-9785AC1F14C7}.Release|x86.ActiveCfg = Release|Win32
		{5B2101D1-7236-4E59-8A74-9785AC1F14C7}.Release|x86.Build.0 = Release|Win32
		{55C9A7A6-6021-42AF-B6E5-64A4AA2C72E3}.Debug|x64.ActiveCfg = Debug|x64
		{55C9A7A6-6021-42AF-B6E5-64A4AA2C72E3}.Debug|x64.Build.0 = Debug|x64
		{55C9A7A6-6021-42AF-B6E5-64A4AA2C72E3}.Debug|x86.ActiveCfg = Debug|Win32
		{55C9A7A6-6021-42AF-B6E5-64A4AA2C72E3}.Debug|x86.Build.0 = Debug|Win32
		{55C9A7A6-6021-42AF-B6E5-64A4AA2C72E3}.Release|x64.ActiveCfg = Release|x64
		{55C9A7A6-6021-42AF-B6E5-64A4AA2C72E3}.Release|x64.Build.0 = Release|x64
		{55C9A7A6-6021-42AF-B6E5-64A4AA2C72E3}.Release|x86.ActiveCfg = Release|Win32
		{55C9A7A6-6021-42AF-B6E5-64A4AA2C72E3}.Release|x86.Build.0 = Release|Win32
		{2B1013F9-9D04-438D-B653-D19AB1E1F4AE}.Debug|x64.ActiveCfg = Debug|x64
		{2B1013F9-9D04-438D-B653-D19AB1E1F4AE}.Debug|x64.Build.0 = Debug|x64
		{2B1013F9-9D04-438D-B653-D19AB1E1F4AE}.Debug|x86.ActiveCfg = Debug|Win32
		{2B1013F9-9D04-438D-B653-D19AB1E1F4AE}.Debug|x86.Build.0 = Debug|Win32
		{2B1013F9-9D04-438D-B653-D19AB1E1F4AE}.Release|x64.ActiveCfg = Release|x64
		{2B1013F9-9D04-438D-B653-D19AB1E1F4AE}.Release|x64.Build.0 = Release|x64
		{2B1013F9-9D04-438D-B653-D19AB1E1F4AE}.Release|x86.ActiveCfg = Release|Win32
		{2B1013F9-9D04-438D-B653-D19AB1E1F4AE}.Release|x86.Build.0 = Release|Win32
		{3FF74BA1-C0EA-402C-B95C-6C3D3C2A4AF5}.Debug|x64.ActiveCfg = Debug|x64
		{3FF74BA1-C0EA-402C-B95C-6C3D3C2A4AF5}.Debug|x64.Build.0 = Debug|x64
		{3FF74BA1-C0EA-402C-B95C-6C3D3C2A4AF5}.Debug|x86.ActiveCfg = Debug|Win32
		{3FF74BA1-C0EA-402C-B95C-6C3D3C2A4AF5}.Debug|x86.Build.0 = Debug|Win32
		{3FF74BA1-C0EA-402C-B95C-6C3D3C2A4AF5}.Release|x64.ActiveCfg = Release|x64
		{3FF74BA1-C0EA-402C-B95C-6C3D3C2A4AF5}.Release|x64.Build.0 = Release|x64
		{3FF74BA1-C0EA-402C-B95C-6C3D3C2A4AF5}.Release|x86.ActiveCfg = Release|Win32
		{3FF74BA1-C0EA-402C-B95C-6C3D3C2A4AF5}.Release|x86.Build.0 = Release|Win32
		{AB78158D-FFCC-48A2-92A8-CE3E537281BE}.Debug|x64.ActiveCfg = Debug|x64
		{AB78158D-FFCC-48A2-92A8-CE3E537281BE}.Debug|x64.Build.0 = Debug|x64
		{AB78158D-FFCC-48A2-92A8-CE3E537281BE}.Debug|x86.ActiveCfg = Debug|Win32
		{AB78158D-FFCC-48A2-92A8-CE3E537281BE}.Debug|x86.Build.0 = Debug|Win32
		{AB78158D-FFCC-48A2-92A8-CE3E537281BE}.Release|x64.ActiveCfg = Release|x64
		{AB78158D-FFCC-48A2-92A8-CE3E537281BE}.Release|x64.Build.0 = Release|x64
		{AB78158D-FFCC-48A2-92A8-CE3E537281BE}.Release|x86.ActiveCfg = Release|Win32
		{AB78158D-FFCC-48A2-92A8-CE3E537281BE}.Release|x86.Build.0 = Release|Win32
		{A6B13735-4F3B-4574-B3E9-857DCC369ABC}.Debug|x64.ActiveCfg = Debug|x64
		{A6B13735-4F3B-4574-B3E9-857DCC369ABC}.Debug|x64.Build.0 = Debug|x64
		{A6B13735-4F3B-4574-B3E9-857DCC369ABC}.Debug|x86.ActiveCfg = Debug|Win32
		{A6B13735-4F3B-4574-B3E9-857DCC369ABC}.Debug|x86.Build.0 = Debug|Win32
		{A6B13735-4F3B-4574-B3E9-857DCC369ABC}.Release|x64.ActiveCfg = Release|x64
		{A6B13735-4F3B-4574-B3E9-857DCC369ABC}.Release|x64.Build.0 = Release|x64
		{A6B13735-4F3B-4574-B3E9-857DCC369ABC}.Release|x86.ActiveCfg = Release|Win32
		{A6B13735-4F3B-4574-B3E9-857DCC369ABC}.Release|x86.Build.0 = Release|Win32
		{F900C73E-5AF7-4BC1-8165-0C2DDC84186B}.Debug|x64.ActiveCfg = Debug|x64
		{F900C73E-5AF7-4BC1-8165-0C2DDC84186B}.Debug|x64.Build.0 = Debug|x64
		{F900C73E-5AF7-4BC1-8165-0C2DDC84186B}.Debug|x86.ActiveCfg = Debug|Win32
		{F900C73E-5AF7-4BC1-8165-0C2DDC84186B}.Debug|x86.Build.0 = Debug|Win32
		{F900C73E-5AF7-4BC1-8165-0C2DDC84186B}.Release|x64.ActiveCfg = Release|x64
		{F900C73E-5AF7-4BC1-8165-0C2DDC84186B}.Release|x64.Build.0 = Release|x64
		{F900C73E-5AF7-4BC1-8165-0C2DDC84186B}.Release|x86.ActiveCfg = Release|Win32
		{F900C73E-5AF7-4BC1-8165-0C2DDC84186B}.Release|x86.Build.0 = Release|Win32
		{F00ABE63-1014-4EDC-A6A0-02E092E28619}.Debug|x64.ActiveCfg = Debug|x64
		{F00ABE63-1014-4EDC-A6A0-02E092E28619}.Debug|x64.Build.0 = Debug|x64
		{F00ABE63-1014-4EDC-A6A0-02E092E28619}.Debug|x86.ActiveCfg = Debug|Win32
		{F00ABE63-1014-4EDC-A6A0-02E092E28619}.Debug|x86.Build.0 = Debug|Win32
		{F00ABE63-1014-4EDC-A6A0-02E092E28619}.Release|x64.ActiveCfg = Release|x64
		{F00ABE63-1014-4EDC-A6A0-02E092E28619}.Release|x64.Build.0 = Release|x64
		{F00ABE63-1014-4EDC-A6A0-02E092E28619}.Release|x86.ActiveCfg = Release|Win32
		{F00ABE63-1014-4EDC-A6A0-02E092E28619}.Release|x86.Build.0 = Release|Win32
		{58E1962C-7133-44F9-97BB-06D21ADB9841}.Debug|x64.ActiveCfg = Debug|x64
		{58E1962C-7133-44F9-97BB-06D21ADB9841}.Debug|x64.Build.0 = Debug|x64
		{58E1962C-7133-44F9-97BB-06D21ADB9841}.Debug|x86.ActiveCfg = Debug|Win32
		{58E1962C-7133-44F9-97BB-06D21ADB9841}.Debug|x86.Build.0 = Debug|Win32
		{58E1962C-7133-44F9-97BB-06D21ADB9841}.Release|x64.ActiveCfg = Release|x64
		{58E1962C-7133-44F9-97BB-06D21ADB9841}.Release|x64.Build.0 = Release|x64
		{58E1962C-7133-44F9-97BB-06D21ADB9841}.Release|x86.ActiveCfg = Release|Win32
		{58E1962C-7133-44F9-97BB-06D21ADB9841}.Release|x86.Build.0 = Release|Win32
		{EBB8CCE7-ADD5-4AF8-BF74-73908835F3B1}.Debug|x64.ActiveCfg = Debug|x64
		{EBB8CCE7-ADD5-4AF8-BF74-73908835F3B1}.Debug|x64.Build.0 = Debug|x64
		{EBB8CCE7-ADD5-4AF8-BF74-73908835F3B1}.Debug|x86.ActiveCfg = Debug|Win32
		{EBB8CCE7-ADD5-4AF8-BF74-73908835F3B1}.Debug|x86.Build.0 = Debug|Win32
		{EBB8CCE7-ADD5-4AF8-BF74-73908835F3B1}.Release|x64.ActiveCfg = Release|x64
		{EBB8CCE7-ADD5-4AF8-BF74-73908835F3B1}.Release|x64.Build.0 = Release|x64
		{EBB8CCE7-ADD5-4AF8-BF74-73908835F3B1}.Release|x86.ActiveCfg = Release|Win32
		{EBB8CCE7-ADD5-4AF8-BF74-73908835F3B1}.Release|x86.Build.0 = Release|Win32
		{DCCE4F32-7A66-4AC8-AD0E-14B88C951F57}.Debug|x64.ActiveCfg = Debug|x64
		{DCCE4F32-7A66-4AC8-AD0E-14B88C951F57}.Debug|x64.Build.0 = Debug|x64
		{DCCE4F32-7A66-4AC8-AD0E-14B88C951F57}.Debug|x86.ActiveCfg = Debug|Win32
		{DCCE4F32-7A66-4AC8-AD0E-14B88C951F57}.Debug|x86.Build.0 = Debug|Win32
		{DCCE4F32-7A66-4AC8-AD0E-14B88C951F57}.Release|x64.ActiveCfg = Release|x64
		{DCCE4F32-7A66-4AC8-AD0E-14B88C951F57}.Release|x64.Build.0 = Release|x64
		{DCCE4F32-7A66-4AC8-AD0E-14B88C951F57}.Release|x86.ActiveCfg = Release|Win32
		{DCCE4F32-7A66-4AC8-AD0E-14B88C951F57}.Release|x86.Build.0 = Release|Win32
		{653BFBB1-46C9-46C5-A235-30546778A18C}.Debug|x64.ActiveCfg = Debug|x64
		{653BFBB1-46C9-46C5-A235-30546778A18C}.Debug|x64.Build.0 = Debug|x64
		{653BFBB1-46C9-46C5-A235-30546778A18C}.Debug|x86.ActiveCfg = Debug|Win32
		{653BFBB1-46C9-46C5-A235-30546778A18C}.Debug|x86.Build.0 = Debug|Win32
		{653BFBB1-46C9-46C5-A235-30546778A18C}.Release|x64.ActiveCfg = Release|x64
		{653BFBB1-46C9-46C5-A235-30546778A18C}.Release|x64.Build.0 = Release|x64
		{653BFBB1-46C9-46C5-A235-30546778A18C}.Release|x86.ActiveCfg = Release|Win32
		{653BFBB1-46C9-46C5-A235-30546778A18C}.Release|x86.Build.0 = Release|Win32
		{012BCF62-407B-4D74-B407-9E831B2A096D}.Debug|x64.ActiveCfg = Debug|x64
		{012BCF62-407B-4D74-B407-9E831B2A096D}.Debug|x64.Build.0 = Debug|x64
		{012BCF62-407B-4D74-B407-9E831B2A096D}.Debug|x86.ActiveCfg = Debug|Win32
		{012BCF62-407B-4D74-B407-9E831B2A096D}.Debug|x86.Build.0 = Debug|Win32
		{012BCF62-407B-4D74-B407-9E831B2A096D}.Release|x64.ActiveCfg = Release|x64
		{012BCF62-407B-4D74-B407-9E831B2A096D}.Release|x64.Build.0 = Release|x64
		{012BCF62-407B-4D74-B407-9E831B2A096D}.Release|x86.ActiveCfg = Release|Win32
		{012BCF62-407B-4D74-B407-9E831B2A096D}.Release|x86.Build.0 = Release|Win32
		{1B467C1C-8FB4-4420-93C7-507A8BA018E4}.Debug|x64.ActiveCfg = Debug|x64
		{1B467C1C-8FB4-4420-93C7-507A8BA018E4}.Debug|x64.Build.0 = Debug|x64
		{1B467C1C-8FB4-4420-93C7-507A8BA018E4}.Debug|x86.ActiveCfg = Debug|Win32
		{1B467C1C-8FB4-4420-93C7-507A8BA018E4}.Debug|x86.Build.0 = Debug|Win32
		{1B467C1C-8FB4-4420-93C7-507A8BA018E4}.Release|x64.ActiveCfg = Release|x64
		{1B467C1C-8FB4-4420-93C7-507A8BA018E4}.Release|x64.Build.0 = Release|x64
		{1B467C1C-8FB4-4420-93C7-507A8BA018E4}.Release|x86.ActiveCfg = Release|Win32
		{1B467C1C-8FB4-4420-93C7-507A8BA018E4}.Release|x86.Build.0 = Release|Win32
		{9316D945-7B72-4D3D-80CF-56C76BA56DE2}.Debug|x64.ActiveCfg = Debug|x64
		{9316D945-7B72-4D3D-80CF-56C76BA56DE2}.Debug|x64.Build.0 = Debug|x64
		{9316D945-7B72-4D3D-80CF-56C76BA56DE2}.Debug|x86.ActiveCfg = Debug|Win32
		{9316D945-7B72-4D3D-80CF-56C76BA56DE2}.Debug|x86.Build.0 = Debug|Win32
		{9316D945-7B72-4D3D-80CF-56C76BA56DE2}.Release|x64.ActiveCfg = Release|x64
		{9316D945-7B72-4D3D-80CF-56C76BA56DE2}.Release|x64.Build.0 = Release|x64
		{9316D945-7B72-4D3D-80CF-56C76BA56DE2}.Release|x86.ActiveCfg = Release|Win32
		{9316D945-7B72-4D3D-80CF-56C76BA56DE2}.Release|x86.Build.0 = Release|Win32
		{92836F8E-ED3F-46F5-BE96-FE04EA3DEC2A}.Debug|x64.ActiveCfg = Debug|x64
		{92836F8E-ED3F-46F5-BE96-FE04EA3DEC2A}.Debug|x64.Build.0 = Debug|x64
		{92836F8E-ED3F-46F5-BE96-FE04EA3DEC2A}.Debug|x86.ActiveCfg = Debug|Win32
		{92836F8E-ED3F-46F5-BE96-FE04EA3DEC2A}.Debug|x86.Build.0 = Debug|Win32
		{92836F8E-ED3F-46F5-BE96-FE04EA3DEC2A}.Release|x64.ActiveCfg = Release|x64
		{92836F8E-ED3F-46F5-BE96-FE04EA3DEC2A}.Release|x64.Build.0 = Release|x64
		{92836F8E-ED3F-46F5-BE96-FE04EA3DEC2A}.Release|x86.ActiveCfg = Release|Win32
		{92836F8E-ED3F-46F5-BE96-FE04EA3DEC2A}.Release|x86.Build.0 = Release|Win32
		{13545525-5167-43EE-B06C-A60D8B0E1FE8}.Debug|x64.ActiveCfg = Debug|x64
		{13545525-5167-43EE-B06C-A60D8B0E1FE8}.Debug|x64.Build.0 = Debug|x64
		{13545525-5167-43EE-B06C-A60D8B0E1FE8}.Debug|x86.ActiveCfg = Debug|Win32
		{13545525-5167-43EE-B06C-A60D8B0E1FE8}.Debug|x86.Build.0 = Debug|Win32
		{13545525-5167-43EE-B06C-A60D8B0E1FE8}.Release|x64.ActiveCfg = Release|x64
		{13545525-5167-43EE-B06C-A60D8B0E1FE8}.Release|x64.Build.0 = Release|x64
		{13545525-5167-43EE-B06C-A60D8B0E1FE8}.Release|x86.ActiveCfg = Release|Win32
		{13545525-5167-43EE-B06C-A60D8B0E1FE8}.Release|x86.Build.0 = Release|Win32
		{C817529B-89B6-40C5-98EE-8FC865A2304E}.Debug|x64.ActiveCfg = Debug|x64
		{C817529B-89B6-40C5-98EE-8FC865A2304E}.Debug|x64.Build.0 = Debug|x64
		{C817529B-89B6-40C5-98EE-8FC865A2304E}.Debug|x86.ActiveCfg = Debug|Win32
		{C817529B-89B6-40C5-98EE-8FC865A2304E}.Debug|x86.Build.0 = Debug|Win32
		{C817529B-89B6-40C5-98EE-8FC865A2304E}.Release|x64.ActiveCfg = Release|x64
		{C817529B-89B6-40C5-98EE-8FC865A2304E}.Release|x64.Build.0 = Release|x64
		{C817529B-89B6-40C5-98EE-8FC865A2304E}.Release|x86.ActiveCfg = Release|Win32
		{C817529B-89B6-40C5-98EE-8FC865A2304E}.Release|x86.Build.0 = Release|Win32
		{6F186036-0633-41C2-842D-7AEBAE917DB2}.Debug|x64.ActiveCfg = Debug|x64
		{6F186036-0633-41C2-842D-7AEBAE917DB2}.Debug|x64.Build.0 = Debug|x64
		{6F186036-0633-41C2-842D-7AEBAE917DB2}.Debug|x86.ActiveCfg = Debug|Win32
		{6F186036-0633-41C2-842D-7AEBAE917DB2}.Debug|x86.Build.0 = Debug|Win32
		{6F186036-0633-41C2-842D-7AEBAE917DB2}.Release|x64.ActiveCfg = Release|x64
		{6F186036-0633-41C2-842D-7AEBAE917DB2}.Release|x64.Build.0 = Release|x64
		{6F186036-0633-41C2-842D-7AEBAE917DB2}.Release|x86.ActiveCfg = Release|Win32
		{6F186036-0633-41C2-842D-7AEBAE917DB2}.Release|x86.Build.0 = Release|Win32
		{41D05114-210F-487B-B740-AA0CA1ADB3B9}.Debug|x64.ActiveCfg = Debug|x64
		{41D05114-210F-487B-B740-AA0CA1ADB3B9}.Debug|x64.Build.0 = Debug|x64
		{41D05114-210F-487B-B740-AA0CA1ADB3B9}.Debug|x86.ActiveCfg = Debug|Win32
		{41D05114-210F-487B-B740-AA0CA1ADB3B9}.Debug|x86.Build.0 = Debug|Win32
		{41D05114-210F-487B-B740-AA0CA1ADB3B9}.Release|x64.ActiveCfg = Release|x64
		{41D05114-210F-487B-B740-AA0CA1ADB3B9}.Release|x64.Build.0 = Release|x64
		{41D05114-210F-487B-B740-AA0CA1ADB3B9}.Release|x86.ActiveCfg = Release|Win32
		{41D05114-210F-487B-B740-AA0CA1ADB3B9}.Release|x86.Build.0 = Release|Win32
		{8E792FB7-589F-4A1D-A249-EBF9588F080C}.Debug|x64.ActiveCfg = Debug|x64
		{8E792FB7-589F-4A1D-A249-EBF9588F080C}.Debug|x64.Build.0 = Debug|x64
		{8E792FB7-589F-4A1D-A249-EBF9588F080C}.Debug|x86.ActiveCfg = Debug|Win32
		{8E792FB7-589F-4A1D-A249-EBF9588F080C}.Debug|x86.Build.0 = Debug|Win32
		{8E792FB7-589F-4A1D-A249-EBF9588F080C}.Release|x64.ActiveCfg = Release|x64
		{8E792FB7-589F-4A1D-A249-EBF9588F080C}.Release|x64.Build.0 = Release|x64
		{8E792FB7-589F-4A1D-A249-EBF9588F080C}.Release|x86.ActiveCfg = Release|Win32
		{8E792FB7-589F-4A1D-A249-EBF9588F080C}.Release|x86.Build.0 = Release|Win32
		{F7E18D7D-6ED4-40CC-BEF4-2696E4B4D979}.Debug|x64.ActiveCfg = Debug|x64
		{F7E18D7D-6ED4-40CC-BEF4-2696E4B4D979}.Debug|x64.Build.0 = Debug|x64
		{F7E18D7D-6ED4-40CC-BEF4-2696E4B4D979}.Debug|x86.ActiveCfg = Debug|Win32
		{F7E18D7D-6ED4-40CC-BEF4-2696E4B4D979}.Debug|x86.Build.0 = Debug|Win32
		{F7E18D7D-6ED4-40CC-BEF4-2696E4B4D979}.Release|x64.ActiveCfg = Release|x64
		{F7E18D7D-6ED4-40CC-BEF4-2696E4B4D979}.Release|x64.Build.0 = Release|x64
		{F7E18D7D-6ED4-40CC-BEF4-2696E4B4D979}.Release|x86.ActiveCfg = Release|Win32
		{F7E18D7D-6ED4-40CC-BEF4-2696E4B4D979}.Release|x86.Build.0 = Release|Win32
		{C647C40F-50E9-47F9-8C58-573825EDD944}.Debug|x64.ActiveCfg = Debug|x64
		{C647C40F-50E9-47F9-8C58-573825EDD944}.Debug|x64.Build.0 = Debug|x64
		{C647C40F-50E9-47F9-8C58-573825EDD944}.Debug|x86.ActiveCfg = Debug|Win32
		{C647C40F-50E9-47F9-8C58-573825EDD944}.Debug|x86.Build.0 = Debug|Win32
		{C647C40F-50E9-47F9-8C58-573825EDD944}.Release|x64.ActiveCfg = Release|x64
		{C647C40F-50E9-47F9-8C58-573825EDD944}.Release|x64.Build.0 = Release|x64
		{C647C40F-50E9-47F9-8C58-573825EDD944}.Release|x86.ActiveCfg = Release|Win32
		{C647C40F-50E9-47F9-8C58-573825EDD944}.Release|x86.Build.0 = Release|Win32
		{8822DB75-A3D6-4F04-88AD-972ECA4C3B57}.Debug|x64.ActiveCfg = Debug|x64
		{8822DB75-A3D6-4F04-88AD-972ECA4C3B57}.Debug|x64.Build.0 = Debug|x64
		{8822DB75-A3D6-4F04-88AD-972ECA4C3B57}.Debug|x86.ActiveCfg = Debug|Win32
		{8822DB75-A3D6-4F04-88AD-972ECA4C3B57}.Debug|x86.Build.0 = Debug|Win32
		{8822DB75-A3D6-4F04-88AD-972ECA4C3B57}.Release|x64.ActiveCfg = Release|x64
		{8822DB75-A3D6-4F04-88AD-972ECA4C3B57}.Release|x64.Build.0 = Release|x64
		{8822DB75-A3D6-4F04-88AD-972ECA4C3B57}.Release|x86.ActiveCfg = Release|Win32
		{8822DB75-A3D6-4F04-88AD-972ECA4C3B57}.Release|x86.Build.0 = Release|Win32
		{37A8DBCF-5E79-44AE-A5D8-EDCA3ECA403F}.Debug|x64.ActiveCfg = Debug|x64
		{37A8DBCF-5E79-44AE-A5D8-EDCA3ECA403F}.Debug|x64.Build.0 = Debug|x64
		{37A8DBCF-5E79-44AE-A5D8-EDCA3ECA403F}.Debug|x86.ActiveCfg = Debug|Win32
		{37A8DBCF-5E79-44AE-A5D8-EDCA3ECA403F}.Debug|x86.Build.0 = Debug|Win32
		{37A8DBCF-5E79-44AE-A5D8-EDCA3ECA403F}.Release|x64.ActiveCfg = Release|x64
		{37A8DBCF-5E79-44AE-A5D8-EDCA3ECA403F}.Release|x64.Build.0 = Release|x64
		{37A8DBCF-5E79-44AE-A5D8-EDCA3ECA403F}.Release|x86.ActiveCfg = Release|Win32
		{37A8DBCF-5E79-44AE-A5D8-EDCA3ECA403F}.Release|x86.Build.0 = Release|Win32
		{C740A79B-137C-4C89-BDF1-D923F1389AAD}.Debug|x64.ActiveCfg = Debug|x64
		{C740A79B-137C-4C89-BDF1-D923F1389AAD}.Debug|x64.Build.0 = Debug|x64
		{C740A79B-137C-4C89-BDF1-D923F1389AAD}.Debug|x86.ActiveCfg = Debug|Win32
		{C740A79B-137C-4C89-BDF1-D923F1389AAD}.Debug|x86.Build.0 = Debug|Win32
		{C740A79B-137C-4C89-BDF1-D923F1389AAD}.Release|x64.ActiveCfg = Release|x64
		{C740A79B-137C-4C89-BDF1-D923F1389AAD}.Release|x64.Build.0 = Release|x64
		{C740A79B-137C-4C89-BDF1-D923F1389AAD}.Release|x86.ActiveCfg = Release|Win32
		{C740A79B-137C-4C89-BDF1-D923F1389AAD}.Release|x86.Build.0 = Release|Win32
		{515A0E4D-590A-4CD6-BAE1-AE7F1A31B85D}.Debug|x64.ActiveCfg = Debug|x64
		{515A0E4D-590A-4CD6-BAE1-AE7F1A31B85D}.Debug|x64.Build.0 = Debug|x64
		{515A0E4D-590A-4CD6-BAE1-AE7F1A31B85D}.Debug|x86.ActiveCfg = Debug|Win32
		{515A0E4D-590A-4CD6-BAE1-AE7F1A31B85D}.Debug|x86.Build.0 = Debug|Win32
		{515A0E4D-590A-4CD6-BAE1-AE7F1A31B85D}.Release|x64.ActiveCfg = Release|x64
		{515A0E4D-590A-4CD6-BAE1-AE7F1A31B85D}.Release|x64.Build.0 = Release|x64
		{515A0E4D-590A-4CD6-BAE1-AE7F1A31B85D}.Release|x86.ActiveCfg = Release|Win32
		{515A0E4D-590A-4CD6-BAE1-AE7F1A31B85D}.Release|x86.Build.0 = Release|Win32
		{F9F8D833-2661-449F-971C-B580661B7C35}.Debug|x64.ActiveCfg = Debug|x64
		{F9F8D833-2661-449F-971C-B580661B7C35}.Debug|x64.Build.0 = Debug|x64
		{F9F8D833-2661-449F-971C-B580661B7C35}.Debug|x86.ActiveCfg = Debug|Win32
		{F9F8D833-2661-449F-971C-B580661B7C35}.Debug|x86.Build.0 = Debug|Win32
		{F9F8D833-2661-449F-971C-B580661B7C35}.Release|x64.ActiveCfg = Release|x64
		{F9F8D833-2661-449F-971C-B580661B7C35}.Release|x64.Build.0 = Release|x64
		{F9F8D833-2661-449F-971C-B580661B7C35}.Release|x86.ActiveCfg = Release|Win32
		{F9F8D833-2661-449F-971C-B580661B7C35}.Release|x86.Build.0 = Release|Win32
		{5A927EAB-EFFE-4ECC-9178-563699CF6B6F}.Debug|x64.ActiveCfg = Debug|x64
		{5A927EAB-EFFE-4ECC-9178-563699CF6B6F}.Debug|x64.Build.0 = Debug|x64
		{5A927EAB-EFFE-4ECC-9178-563699CF6B6F}.Debug|x86.ActiveCfg = Debug|Win32
		{5A927EAB-EFFE-4ECC-9178-563699CF6B6F}.Debug|x86.Build.0 = Debug|Win32
		{5A927EAB-EFFE-4ECC-9178-563699CF6B6F}.Release|x64.ActiveCfg = Release|x64
		{5A927EAB-EFFE-4ECC-9178-563699CF6B6F}.Release|x64.Build.0 = Release|x64
		{5A927EAB-EFFE-4ECC-9178-563699CF6B6F}.Release|x86.ActiveCfg = Release|Win32
		{5A927EAB-EFFE-4ECC-9178-563699CF6B6F}.Release|x86.Build.0 = Release|Win32
		{B086CA5F-7412-4D48-9075-3531E94353E7}.Debug|x64.ActiveCfg = Debug|x64
		{B086CA5F-7412-4D48-9075-3531E94353E7}.Debug|x64.Build.0 = Debug|x64
		{B086CA5F-7412-4D48-9075-3531E94353E7}.Debug|x86.ActiveCfg = Debug|Win32
		{B086CA5F-7412-4D48-9075-3531E94353E7}.Debug|x86.Build.0 = Debug|Win32
		{B086CA5F-7412-4D48-9075-3531E94353E7}.Release|x64.ActiveCfg = Release|x64
		{B086CA5F-7412-4D48-9075-3531E94353E7}.Release|x64.Build.0 = Release|x64
		{B086CA5F-7412-4D48-9075-3531E94353E7}.Release|x86.ActiveCfg = Release|Win32
		{B086CA5F-7412-4D48-9075-3531E94353E7}.Release|x86.Build.0 = Release|Win32
		{8E123B65-D22C-43EE-B431-2C5C7ADB8AB7}.Debug|x64.ActiveCfg = Debug|x64
		{8E123B65-D22C-43EE-B431-2C5C7ADB8AB7}.Debug|x64.Build.0 = Debug|x64
		{8E123B65-D22C-43EE-B431-2C5C7ADB8AB7}.Debug|x86.ActiveCfg = Debug|Win32
		{8E123B65-D22C-43EE-B431-2C5C7ADB8AB7}.Debug|x86.Build.0 = Debug|Win32
		{8E123B65-D22C-43EE-B431-2C5C7ADB8AB7}.Release|x64.ActiveCfg = Release|x64
		{8E123B65-D22C-43EE-B431-2C5C7ADB8AB7}.Release|x64.Build.0 = Release|x64
		{8E123B65-D22C-43EE-B431-2C5C7ADB8AB7}.Release|x86.ActiveCfg = Release|Win32
		{8E123B65-D22C-43EE-B431-2C5C7ADB8AB7}.Release|x86.Build.0 = Release|Win32
	EndGlobalSection
	GlobalSection(SolutionProperties) = preSolution
		HideSolutionNode = FALSE
	EndGlobalSection
	GlobalSection(ExtensibilityGlobals) = postSolution
		SolutionGuid = {B897781A-C912-45B7-B6BE-46B40133CD23}
	EndGlobalSection
EndGlobal
